
Microsoft Visual Studio Solution File, Format Version 12.00
# Visual Studio Version 16
VisualStudioVersion = 16.0.29102.190
MinimumVisualStudioVersion = 10.0.40219.1
Project("{FAE04EC0-301F-11D3-BF4B-00C04F79EFBC}") = "TestConsoleApp", "TestConsoleApp\TestConsoleApp.csproj", "{52BEA2B8-DB20-4958-8FEE-60E2214B5F73}"
EndProject
Global
	GlobalSection(SolutionConfigurationPlatforms) = preSolution
		Debug|Any CPU = Debug|Any CPU
		Release|Any CPU = Release|Any CPU
	EndGlobalSection
	GlobalSection(ProjectConfigurationPlatforms) = postSolution
		{52BEA2B8-DB20-4958-8FEE-60E2214B5F73}.Debug|Any CPU.ActiveCfg = Debug|Any CPU
		{52BEA2B8-DB20-4958-8FEE-60E2214B5F73}.Debug|Any CPU.Build.0 = Debug|Any CPU
		{52BEA2B8-DB20-4958-8FEE-60E2214B5F73}.Release|Any CPU.ActiveCfg = Release|Any CPU
		{52BEA2B8-DB20-4958-8FEE-60E2214B5F73}.Release|Any CPU.Build.0 = Release|Any CPU
	EndGlobalSection
	GlobalSection(SolutionProperties) = preSolution
		HideSolutionNode = FALSE
	EndGlobalSection
	GlobalSection(ExtensibilityGlobals) = postSolution
		SolutionGuid = {82132E22-7F0D-4789-BD85-E5A26196E08F}
	EndGlobalSection
EndGlobal
